// !$*UTF8*$!
{
	archiveVersion = 1;
	classes = {
	};
	objectVersion = 46;
	objects = {

/* Begin PBXBuildFile section */
		8BADBAAE209687E700BA9100 /* Info.plist in Resources */ = {isa = PBXBuildFile; fileRef = 8BADBAAD209687E700BA9100 /* Info.plist */; };
		8BADBAB02096907E00BA9100 /* Icon.xcassets in Resources */ = {isa = PBXBuildFile; fileRef = 8BADBAAF2096907E00BA9100 /* Icon.xcassets */; };
		A2E6A48C209A01D100361D8B /* STPrivilegedTask.m in Sources */ = {isa = PBXBuildFile; fileRef = A2E6A48B209A01D100361D8B /* STPrivilegedTask.m */; };
		F4F1035E1B5155A200BCAD40 /* AppDelegate.m in Sources */ = {isa = PBXBuildFile; fileRef = F4F1035D1B5155A200BCAD40 /* AppDelegate.m */; };
		F4F103601B5155A200BCAD40 /* main.m in Sources */ = {isa = PBXBuildFile; fileRef = F4F1035F1B5155A200BCAD40 /* main.m */; };
		F4F103651B5155A200BCAD40 /* MainMenu.xib in Resources */ = {isa = PBXBuildFile; fileRef = F4F103631B5155A200BCAD40 /* MainMenu.xib */; };
/* End PBXBuildFile section */

/* Begin PBXFileReference section */
		8BADBAAD209687E700BA9100 /* Info.plist */ = {isa = PBXFileReference; fileEncoding = 4; lastKnownFileType = text.plist.xml; path = Info.plist; sourceTree = "<group>"; };
		8BADBAAF2096907E00BA9100 /* Icon.xcassets */ = {isa = PBXFileReference; lastKnownFileType = folder.assetcatalog; path = Icon.xcassets; sourceTree = "<group>"; };
		A2E6A48A209A01D100361D8B /* STPrivilegedTask.h */ = {isa = PBXFileReference; lastKnownFileType = sourcecode.c.h; path = STPrivilegedTask.h; sourceTree = "<group>"; };
		A2E6A48B209A01D100361D8B /* STPrivilegedTask.m */ = {isa = PBXFileReference; lastKnownFileType = sourcecode.c.objc; path = STPrivilegedTask.m; sourceTree = "<group>"; };
		F4E5E4001EE2953E0072EACE /* en */ = {isa = PBXFileReference; lastKnownFileType = file.xib; name = en; path = en.lproj/MainMenu.xib; sourceTree = "<group>"; };
		F4F103571B5155A200BCAD40 /* TomCatViewer.app */ = {isa = PBXFileReference; explicitFileType = wrapper.application; includeInIndex = 0; path = TomCatViewer.app; sourceTree = BUILT_PRODUCTS_DIR; };
		F4F1035C1B5155A200BCAD40 /* AppDelegate.h */ = {isa = PBXFileReference; lastKnownFileType = sourcecode.c.h; path = AppDelegate.h; sourceTree = "<group>"; };
		F4F1035D1B5155A200BCAD40 /* AppDelegate.m */ = {isa = PBXFileReference; lastKnownFileType = sourcecode.c.objc; path = AppDelegate.m; sourceTree = "<group>"; };
		F4F1035F1B5155A200BCAD40 /* main.m */ = {isa = PBXFileReference; lastKnownFileType = sourcecode.c.objc; path = main.m; sourceTree = "<group>"; };
/* End PBXFileReference section */

/* Begin PBXFrameworksBuildPhase section */
		F4F103541B5155A200BCAD40 /* Frameworks */ = {
			isa = PBXFrameworksBuildPhase;
			buildActionMask = 2147483647;
			files = (
			);
			runOnlyForDeploymentPostprocessing = 0;
		};
/* End PBXFrameworksBuildPhase section */

/* Begin PBXGroup section */
		F47C14F61C8CB70C005BC692 /* Resources */ = {
			isa = PBXGroup;
			children = (
				8BADBAAD209687E700BA9100 /* Info.plist */,
				F4F103631B5155A200BCAD40 /* MainMenu.xib */,
				8BADBAAF2096907E00BA9100 /* Icon.xcassets */,
			);
			name = Resources;
			sourceTree = "<group>";
		};
		F4F1034E1B5155A200BCAD40 = {
			isa = PBXGroup;
			children = (
				F4F103591B5155A200BCAD40 /* TomCatViewer */,
				F4F103581B5155A200BCAD40 /* Products */,
			);
			sourceTree = "<group>";
		};
		F4F103581B5155A200BCAD40 /* Products */ = {
			isa = PBXGroup;
			children = (
				F4F103571B5155A200BCAD40 /* TomCatViewer.app */,
			);
			name = Products;
			sourceTree = "<group>";
		};
		F4F103591B5155A200BCAD40 /* TomCatViewer */ = {
			isa = PBXGroup;
			children = (
				F4F1035F1B5155A200BCAD40 /* main.m */,
				F4F1035C1B5155A200BCAD40 /* AppDelegate.h */,
				F4F1035D1B5155A200BCAD40 /* AppDelegate.m */,
				A2E6A48A209A01D100361D8B /* STPrivilegedTask.h */,
				A2E6A48B209A01D100361D8B /* STPrivilegedTask.m */,
				F47C14F61C8CB70C005BC692 /* Resources */,
			);
			path = TomCatViewer;
			sourceTree = "<group>";
		};
/* End PBXGroup section */

/* Begin PBXNativeTarget section */
		F4F103561B5155A200BCAD40 /* TomCatViewer */ = {
			isa = PBXNativeTarget;
			buildConfigurationList = F4F103741B5155A200BCAD40 /* Build configuration list for PBXNativeTarget "TomCatViewer" */;
			buildPhases = (
				F4F103531B5155A200BCAD40 /* Sources */,
				F4F103541B5155A200BCAD40 /* Frameworks */,
				F4F103551B5155A200BCAD40 /* Resources */,
				F451B52C1EA295B300DE50FD /* Set CFBundleVersion */,
			);
			buildRules = (
			);
			dependencies = (
			);
			name = TomCatViewer;
			productName = PrivilegedTaskExample;
			productReference = F4F103571B5155A200BCAD40 /* TomCatViewer.app */;
			productType = "com.apple.product-type.application";
		};
/* End PBXNativeTarget section */

/* Begin PBXProject section */
		F4F1034F1B5155A200BCAD40 /* Project object */ = {
			isa = PBXProject;
			attributes = {
				LastUpgradeCheck = 0920;
				ORGANIZATIONNAME = "Sveinbjorn Thordarson";
				TargetAttributes = {
					F4F103561B5155A200BCAD40 = {
						CreatedOnToolsVersion = 6.4;
						DevelopmentTeam = 2MK765758P;
						ProvisioningStyle = Automatic;
					};
				};
			};
			buildConfigurationList = F4F103521B5155A200BCAD40 /* Build configuration list for PBXProject "TomCatViewer" */;
			compatibilityVersion = "Xcode 3.2";
			developmentRegion = English;
			hasScannedForEncodings = 0;
			knownRegions = (
				en,
				Base,
			);
			mainGroup = F4F1034E1B5155A200BCAD40;
			productRefGroup = F4F103581B5155A200BCAD40 /* Products */;
			projectDirPath = "";
			projectRoot = "";
			targets = (
				F4F103561B5155A200BCAD40 /* TomCatViewer */,
			);
		};
/* End PBXProject section */

/* Begin PBXResourcesBuildPhase section */
		F4F103551B5155A200BCAD40 /* Resources */ = {
			isa = PBXResourcesBuildPhase;
			buildActionMask = 2147483647;
			files = (
				8BADBAB02096907E00BA9100 /* Icon.xcassets in Resources */,
				8BADBAAE209687E700BA9100 /* Info.plist in Resources */,
				F4F103651B5155A200BCAD40 /* MainMenu.xib in Resources */,
			);
			runOnlyForDeploymentPostprocessing = 0;
		};
/* End PBXResourcesBuildPhase section */

/* Begin PBXShellScriptBuildPhase section */
		F451B52C1EA295B300DE50FD /* Set CFBundleVersion */ = {
			isa = PBXShellScriptBuildPhase;
			buildActionMask = 2147483647;
			files = (
			);
			inputPaths = (
			);
			name = "Set CFBundleVersion";
			outputPaths = (
			);
			runOnlyForDeploymentPostprocessing = 0;
			shellPath = /bin/sh;
			shellScript = "#!/bin/sh\nBUILD_NUMBER=`git rev-list HEAD | wc -l`\n/usr/libexec/PlistBuddy -c \"Set :CFBundleVersion $BUILD_NUMBER\" \"${TARGET_BUILD_DIR}/${INFOPLIST_PATH}\"\nif [ \"$?\" -ne 0 ] ; then\necho \"warning:Error incrementing CFBundleVersion\"\nfi";
		};
/* End PBXShellScriptBuildPhase section */

/* Begin PBXSourcesBuildPhase section */
		F4F103531B5155A200BCAD40 /* Sources */ = {
			isa = PBXSourcesBuildPhase;
			buildActionMask = 2147483647;
			files = (
				F4F103601B5155A200BCAD40 /* main.m in Sources */,
				F4F1035E1B5155A200BCAD40 /* AppDelegate.m in Sources */,
				A2E6A48C209A01D100361D8B /* STPrivilegedTask.m in Sources */,
			);
			runOnlyForDeploymentPostprocessing = 0;
		};
/* End PBXSourcesBuildPhase section */

/* Begin PBXVariantGroup section */
		F4F103631B5155A200BCAD40 /* MainMenu.xib */ = {
			isa = PBXVariantGroup;
			children = (
				F4E5E4001EE2953E0072EACE /* en */,
			);
			name = MainMenu.xib;
			sourceTree = "<group>";
		};
/* End PBXVariantGroup section */

/* Begin XCBuildConfiguration section */
		F4F103721B5155A200BCAD40 /* Debug */ = {
			isa = XCBuildConfiguration;
			buildSettings = {
				ALWAYS_SEARCH_USER_PATHS = NO;
				CLANG_CXX_LANGUAGE_STANDARD = "gnu++0x";
				CLANG_CXX_LIBRARY = "libc++";
				CLANG_ENABLE_MODULES = YES;
				CLANG_ENABLE_OBJC_ARC = YES;
				CLANG_WARN_BLOCK_CAPTURE_AUTORELEASING = YES;
				CLANG_WARN_BOOL_CONVERSION = YES;
				CLANG_WARN_COMMA = YES;
				CLANG_WARN_CONSTANT_CONVERSION = YES;
				CLANG_WARN_DIRECT_OBJC_ISA_USAGE = YES_ERROR;
				CLANG_WARN_EMPTY_BODY = YES;
				CLANG_WARN_ENUM_CONVERSION = YES;
				CLANG_WARN_INFINITE_RECURSION = YES;
				CLANG_WARN_INT_CONVERSION = YES;
				CLANG_WARN_NON_LITERAL_NULL_CONVERSION = YES;
				CLANG_WARN_OBJC_LITERAL_CONVERSION = YES;
				CLANG_WARN_OBJC_ROOT_CLASS = YES_ERROR;
				CLANG_WARN_RANGE_LOOP_ANALYSIS = YES;
				CLANG_WARN_STRICT_PROTOTYPES = YES;
				CLANG_WARN_SUSPICIOUS_MOVE = YES;
				CLANG_WARN_UNREACHABLE_CODE = YES;
				CLANG_WARN__DUPLICATE_METHOD_MATCH = YES;
				CODE_SIGN_IDENTITY = "-";
				COPY_PHASE_STRIP = NO;
				DEBUG_INFORMATION_FORMAT = dwarf;
				ENABLE_STRICT_OBJC_MSGSEND = YES;
				GCC_C_LANGUAGE_STANDARD = gnu99;
				GCC_DYNAMIC_NO_PIC = NO;
				GCC_NO_COMMON_BLOCKS = YES;
				GCC_OPTIMIZATION_LEVEL = 0;
				GCC_PREPROCESSOR_DEFINITIONS = (
					"DEBUG=1",
					"$(inherited)",
				);
				GCC_SYMBOLS_PRIVATE_EXTERN = NO;
				GCC_WARN_64_TO_32_BIT_CONVERSION = YES;
				GCC_WARN_ABOUT_RETURN_TYPE = YES_ERROR;
				GCC_WARN_UNDECLARED_SELECTOR = YES;
				GCC_WARN_UNINITIALIZED_AUTOS = YES_AGGRESSIVE;
				GCC_WARN_UNUSED_FUNCTION = YES;
				GCC_WARN_UNUSED_VARIABLE = YES;
				MACOSX_DEPLOYMENT_TARGET = 10.10;
				MTL_ENABLE_DEBUG_INFO = YES;
				ONLY_ACTIVE_ARCH = YES;
				SDKROOT = macosx;
			};
			name = Debug;
		};
		F4F103731B5155A200BCAD40 /* Release */ = {
			isa = XCBuildConfiguration;
			buildSettings = {
				ALWAYS_SEARCH_USER_PATHS = NO;
				CLANG_CXX_LANGUAGE_STANDARD = "gnu++0x";
				CLANG_CXX_LIBRARY = "libc++";
				CLANG_ENABLE_MODULES = YES;
				CLANG_ENABLE_OBJC_ARC = YES;
				CLANG_WARN_BLOCK_CAPTURE_AUTORELEASING = YES;
				CLANG_WARN_BOOL_CONVERSION = YES;
				CLANG_WARN_COMMA = YES;
				CLANG_WARN_CONSTANT_CONVERSION = YES;
				CLANG_WARN_DIRECT_OBJC_ISA_USAGE = YES_ERROR;
				CLANG_WARN_EMPTY_BODY = YES;
				CLANG_WARN_ENUM_CONVERSION = YES;
				CLANG_WARN_INFINITE_RECURSION = YES;
				CLANG_WARN_INT_CONVERSION = YES;
				CLANG_WARN_NON_LITERAL_NULL_CONVERSION = YES;
				CLANG_WARN_OBJC_LITERAL_CONVERSION = YES;
				CLANG_WARN_OBJC_ROOT_CLASS = YES_ERROR;
				CLANG_WARN_RANGE_LOOP_ANALYSIS = YES;
				CLANG_WARN_STRICT_PROTOTYPES = YES;
				CLANG_WARN_SUSPICIOUS_MOVE = YES;
				CLANG_WARN_UNREACHABLE_CODE = YES;
				CLANG_WARN__DUPLICATE_METHOD_MATCH = YES;
				CODE_SIGN_IDENTITY = "-";
				COPY_PHASE_STRIP = NO;
				DEBUG_INFORMATION_FORMAT = "dwarf-with-dsym";
				ENABLE_NS_ASSERTIONS = NO;
				ENABLE_STRICT_OBJC_MSGSEND = YES;
				GCC_C_LANGUAGE_STANDARD = gnu99;
				GCC_NO_COMMON_BLOCKS = YES;
				GCC_WARN_64_TO_32_BIT_CONVERSION = YES;
				GCC_WARN_ABOUT_RETURN_TYPE = YES_ERROR;
				GCC_WARN_UNDECLARED_SELECTOR = YES;
				GCC_WARN_UNINITIALIZED_AUTOS = YES_AGGRESSIVE;
				GCC_WARN_UNUSED_FUNCTION = YES;
				GCC_WARN_UNUSED_VARIABLE = YES;
				MACOSX_DEPLOYMENT_TARGET = 10.10;
				MTL_ENABLE_DEBUG_INFO = NO;
				SDKROOT = macosx;
			};
			name = Release;
		};
		F4F103751B5155A200BCAD40 /* Debug */ = {
			isa = XCBuildConfiguration;
			buildSettings = {
				ASSETCATALOG_COMPILER_APPICON_NAME = AppIcon;
				CODE_SIGN_IDENTITY = "Mac Developer";
				CODE_SIGN_STYLE = Automatic;
				COMBINE_HIDPI_IMAGES = YES;
				DEVELOPMENT_TEAM = 2MK765758P;
				INFOPLIST_FILE = TomCatViewer/Info.plist;
				LD_RUNPATH_SEARCH_PATHS = "$(inherited) @executable_path/../Frameworks";
				MACOSX_DEPLOYMENT_TARGET = 10.10;
				PRODUCT_BUNDLE_IDENTIFIER = com.ezefranca.tomcatviewer;
				PRODUCT_NAME = "$(TARGET_NAME)";
				PROVISIONING_PROFILE_SPECIFIER = "";
			};
			name = Debug;
		};
		F4F103761B5155A200BCAD40 /* Release */ = {
			isa = XCBuildConfiguration;
			buildSettings = {
				ASSETCATALOG_COMPILER_APPICON_NAME = AppIcon;
				CODE_SIGN_IDENTITY = "Mac Developer";
				CODE_SIGN_STYLE = Automatic;
				COMBINE_HIDPI_IMAGES = YES;
				DEVELOPMENT_TEAM = 2MK765758P;
				INFOPLIST_FILE = TomCatViewer/Info.plist;
				LD_RUNPATH_SEARCH_PATHS = "$(inherited) @executable_path/../Frameworks";
				MACOSX_DEPLOYMENT_TARGET = 10.10;
				PRODUCT_BUNDLE_IDENTIFIER = com.ezefranca.tomcatviewer;
				PRODUCT_NAME = "$(TARGET_NAME)";
				PROVISIONING_PROFILE_SPECIFIER = "";
			};
			name = Release;
		};
/* End XCBuildConfiguration section */

/* Begin XCConfigurationList section */
		F4F103521B5155A200BCAD40 /* Build configuration list for PBXProject "TomCatViewer" */ = {
			isa = XCConfigurationList;
			buildConfigurations = (
				F4F103721B5155A200BCAD40 /* Debug */,
				F4F103731B5155A200BCAD40 /* Release */,
			);
			defaultConfigurationIsVisible = 0;
			defaultConfigurationName = Release;
		};
		F4F103741B5155A200BCAD40 /* Build configuration list for PBXNativeTarget "TomCatViewer" */ = {
			isa = XCConfigurationList;
			buildConfigurations = (
				F4F103751B5155A200BCAD40 /* Debug */,
				F4F103761B5155A200BCAD40 /* Release */,
			);
			defaultConfigurationIsVisible = 0;
			defaultConfigurationName = Release;
		};
/* End XCConfigurationList section */
	};
	rootObject = F4F1034F1B5155A200BCAD40 /* Project object */;
}
